
Microsoft Visual Studio Solution File, Format Version 12.00
# Visual Studio Version 16
VisualStudioVersion = 16.0.31515.178
MinimumVisualStudioVersion = 10.0.40219.1
Project("{8BC9CEB8-8B4A-11D0-8D11-00A0C91BC942}") = "Palindrom konsola", "Palindrom konsola.vcxproj", "{E8EB3F06-C47A-482F-AA2F-F97FA27D8C15}"
EndProject
Global
	GlobalSection(SolutionConfigurationPlatforms) = preSolution
		Debug|x64 = Debug|x64
		Debug|x86 = Debug|x86
		Release|x64 = Release|x64
		Release|x86 = Release|x86
	EndGlobalSection
	GlobalSection(ProjectConfigurationPlatforms) = postSolution
		{E8EB3F06-C47A-482F-AA2F-F97FA27D8C15}.Debug|x64.ActiveCfg = Debug|x64
		{E8EB3F06-C47A-482F-AA2F-F97FA27D8C15}.Debug|x64.Build.0 = Debug|x64
		{E8EB3F06-C47A-482F-AA2F-F97FA27D8C15}.Debug|x86.ActiveCfg = Debug|Win32
		{E8EB3F06-C47A-482F-AA2F-F97FA27D8C15}.Debug|x86.Build.0 = Debug|Win32
		{E8EB3F06-C47A-482F-AA2F-F97FA27D8C15}.Release|x64.ActiveCfg = Release|x64
		{E8EB3F06-C47A-482F-AA2F-F97FA27D8C15}.Release|x64.Build.0 = Release|x64
		{E8EB3F06-C47A-482F-AA2F-F97FA27D8C15}.Release|x86.ActiveCfg = Release|Win32
		{E8EB3F06-C47A-482F-AA2F-F97FA27D8C15}.Release|x86.Build.0 = Release|Win32
	EndGlobalSection
	GlobalSection(SolutionProperties) = preSolution
		HideSolutionNode = FALSE
	EndGlobalSection
	GlobalSection(ExtensibilityGlobals) = postSolution
		SolutionGuid = {D3221352-7F71-49B5-98C6-72C705F4DFD1}
	EndGlobalSection
EndGlobal
